Microsoft Visual Studio Solution File, Format Version 12.00
# Visual Studio Version 17
VisualStudioVersion = 17.5.2.0
MinimumVisualStudioVersion = 10.0.40219.1
Project("{FAE04EC0-301F-11D3-BF4B-00C04F79EFBC}") = "Passwordm", "Passwordm.csproj", "{F171BDA1-E1B1-932D-D13A-F0F0BF55B590}"
EndProject
Global
	GlobalSection(SolutionConfigurationPlatforms) = preSolution
		Debug|Any CPU = Debug|Any CPU
		Release|Any CPU = Release|Any CPU
	EndGlobalSection
	GlobalSection(ProjectConfigurationPlatforms) = postSolution
		{F171BDA1-E1B1-932D-D13A-F0F0BF55B590}.Debug|Any CPU.ActiveCfg = Debug|Any CPU
		{F171BDA1-E1B1-932D-D13A-F0F0BF55B590}.Debug|Any CPU.Build.0 = Debug|Any CPU
		{F171BDA1-E1B1-932D-D13A-F0F0BF55B590}.Release|Any CPU.ActiveCfg = Release|Any CPU
		{F171BDA1-E1B1-932D-D13A-F0F0BF55B590}.Release|Any CPU.Build.0 = Release|Any CPU
	EndGlobalSection
	GlobalSection(SolutionProperties) = preSolution
		HideSolutionNode = FALSE
	EndGlobalSection
	GlobalSection(ExtensibilityGlobals) = postSolution
		SolutionGuid = {4735BF40-C39C-4ED4-B807-520A3CA2C385}
	EndGlobalSection
EndGlobal
